// !$*UTF8*$!
{
	archiveVersion = 1;
	classes = {
	};
	objectVersion = 50;
	objects = {

/* Begin PBXBuildFile section */
		89C863E026051694003B0295 /* AppDelegate.swift in Sources */ = {isa = PBXBuildFile; fileRef = 89C863DF26051694003B0295 /* AppDelegate.swift */; };
		89C863E226051694003B0295 /* SceneDelegate.swift in Sources */ = {isa = PBXBuildFile; fileRef = 89C863E126051694003B0295 /* SceneDelegate.swift */; };
		89C863E426051694003B0295 /* ContentView.swift in Sources */ = {isa = PBXBuildFile; fileRef = 89C863E326051694003B0295 /* ContentView.swift */; };
		89C863E626051695003B0295 /* Assets.xcassets in Resources */ = {isa = PBXBuildFile; fileRef = 89C863E526051695003B0295 /* Assets.xcassets */; };
		89C863E926051695003B0295 /* Preview Assets.xcassets in Resources */ = {isa = PBXBuildFile; fileRef = 89C863E826051695003B0295 /* Preview Assets.xcassets */; };
		89C863EC26051695003B0295 /* LaunchScreen.storyboard in Resources */ = {isa = PBXBuildFile; fileRef = 89C863EA26051695003B0295 /* LaunchScreen.storyboard */; };
		89C863F726051695003B0295 /* zoomscaleminsTests.swift in Sources */ = {isa = PBXBuildFile; fileRef = 89C863F626051695003B0295 /* zoomscaleminsTests.swift */; };
		89C8640226051695003B0295 /* zoomscaleminsUITests.swift in Sources */ = {isa = PBXBuildFile; fileRef = 89C8640126051695003B0295 /* zoomscaleminsUITests.swift */; };
/* End PBXBuildFile section */

/* Begin PBXContainerItemProxy section */
		89C863F326051695003B0295 /* PBXContainerItemProxy */ = {
			isa = PBXContainerItemProxy;
			containerPortal = 89C863D426051694003B0295 /* Project object */;
			proxyType = 1;
			remoteGlobalIDString = 89C863DB26051694003B0295;
			remoteInfo = zoomscalemins;
		};
		89C863FE26051695003B0295 /* PBXContainerItemProxy */ = {
			isa = PBXContainerItemProxy;
			containerPortal = 89C863D426051694003B0295 /* Project object */;
			proxyType = 1;
			remoteGlobalIDString = 89C863DB26051694003B0295;
			remoteInfo = zoomscalemins;
		};
/* End PBXContainerItemProxy section */

/* Begin PBXFileReference section */
		89C863DC26051694003B0295 /* zoomscalemins.app */ = {isa = PBXFileReference; explicitFileType = wrapper.application; includeInIndex = 0; path = zoomscalemins.app; sourceTree = BUILT_PRODUCTS_DIR; };
		89C863DF26051694003B0295 /* AppDelegate.swift */ = {isa = PBXFileReference; lastKnownFileType = sourcecode.swift; path = AppDelegate.swift; sourceTree = "<group>"; };
		89C863E126051694003B0295 /* SceneDelegate.swift */ = {isa = PBXFileReference; lastKnownFileType = sourcecode.swift; path = SceneDelegate.swift; sourceTree = "<group>"; };
		89C863E326051694003B0295 /* ContentView.swift */ = {isa = PBXFileReference; lastKnownFileType = sourcecode.swift; path = ContentView.swift; sourceTree = "<group>"; };
		89C863E526051695003B0295 /* Assets.xcassets */ = {isa = PBXFileReference; lastKnownFileType = folder.assetcatalog; path = Assets.xcassets; sourceTree = "<group>"; };
		89C863E826051695003B0295 /* Preview Assets.xcassets */ = {isa = PBXFileReference; lastKnownFileType = folder.assetcatalog; path = "Preview Assets.xcassets"; sourceTree = "<group>"; };
		89C863EB26051695003B0295 /* Base */ = {isa = PBXFileReference; lastKnownFileType = file.storyboard; name = Base; path = Base.lproj/LaunchScreen.storyboard; sourceTree = "<group>"; };
		89C863ED26051695003B0295 /* Info.plist */ = {isa = PBXFileReference; lastKnownFileType = text.plist.xml; path = Info.plist; sourceTree = "<group>"; };
		89C863F226051695003B0295 /* zoomscaleminsTests.xctest */ = {isa = PBXFileReference; explicitFileType = wrapper.cfbundle; includeInIndex = 0; path = zoomscaleminsTests.xctest; sourceTree = BUILT_PRODUCTS_DIR; };
		89C863F626051695003B0295 /* zoomscaleminsTests.swift */ = {isa = PBXFileReference; lastKnownFileType = sourcecode.swift; path = zoomscaleminsTests.swift; sourceTree = "<group>"; };
		89C863F826051695003B0295 /* Info.plist */ = {isa = PBXFileReference; lastKnownFileType = text.plist.xml; path = Info.plist; sourceTree = "<group>"; };
		89C863FD26051695003B0295 /* zoomscaleminsUITests.xctest */ = {isa = PBXFileReference; explicitFileType = wrapper.cfbundle; includeInIndex = 0; path = zoomscaleminsUITests.xctest; sourceTree = BUILT_PRODUCTS_DIR; };
		89C8640126051695003B0295 /* zoomscaleminsUITests.swift */ = {isa = PBXFileReference; lastKnownFileType = sourcecode.swift; path = zoomscaleminsUITests.swift; sourceTree = "<group>"; };
		89C8640326051695003B0295 /* Info.plist */ = {isa = PBXFileReference; lastKnownFileType = text.plist.xml; path = Info.plist; sourceTree = "<group>"; };
/* End PBXFileReference section */

/* Begin PBXFrameworksBuildPhase section */
		89C863D926051694003B0295 /* Frameworks */ = {
			isa = PBXFrameworksBuildPhase;
			buildActionMask = 2147483647;
			files = (
			);
			runOnlyForDeploymentPostprocessing = 0;
		};
		89C863EF26051695003B0295 /* Frameworks */ = {
			isa = PBXFrameworksBuildPhase;
			buildActionMask = 2147483647;
			files = (
			);
			runOnlyForDeploymentPostprocessing = 0;
		};
		89C863FA26051695003B0295 /* Frameworks */ = {
			isa = PBXFrameworksBuildPhase;
			buildActionMask = 2147483647;
			files = (
			);
			runOnlyForDeploymentPostprocessing = 0;
		};
/* End PBXFrameworksBuildPhase section */

/* Begin PBXGroup section */
		89C863D326051694003B0295 = {
			isa = PBXGroup;
			children = (
				89C863DE26051694003B0295 /* zoomscalemins */,
				89C863F526051695003B0295 /* zoomscaleminsTests */,
				89C8640026051695003B0295 /* zoomscaleminsUITests */,
				89C863DD26051694003B0295 /* Products */,
			);
			sourceTree = "<group>";
		};
		89C863DD26051694003B0295 /* Products */ = {
			isa = PBXGroup;
			children = (
				89C863DC26051694003B0295 /* zoomscalemins.app */,
				89C863F226051695003B0295 /* zoomscaleminsTests.xctest */,
				89C863FD26051695003B0295 /* zoomscaleminsUITests.xctest */,
			);
			name = Products;
			sourceTree = "<group>";
		};
		89C863DE26051694003B0295 /* zoomscalemins */ = {
			isa = PBXGroup;
			children = (
				89C863DF26051694003B0295 /* AppDelegate.swift */,
				89C863E126051694003B0295 /* SceneDelegate.swift */,
				89C863E326051694003B0295 /* ContentView.swift */,
				89C863E526051695003B0295 /* Assets.xcassets */,
				89C863EA26051695003B0295 /* LaunchScreen.storyboard */,
				89C863ED26051695003B0295 /* Info.plist */,
				89C863E726051695003B0295 /* Preview Content */,
			);
			path = zoomscalemins;
			sourceTree = "<group>";
		};
		89C863E726051695003B0295 /* Preview Content */ = {
			isa = PBXGroup;
			children = (
				89C863E826051695003B0295 /* Preview Assets.xcassets */,
			);
			path = "Preview Content";
			sourceTree = "<group>";
		};
		89C863F526051695003B0295 /* zoomscaleminsTests */ = {
			isa = PBXGroup;
			children = (
				89C863F626051695003B0295 /* zoomscaleminsTests.swift */,
				89C863F826051695003B0295 /* Info.plist */,
			);
			path = zoomscaleminsTests;
			sourceTree = "<group>";
		};
		89C8640026051695003B0295 /* zoomscaleminsUITests */ = {
			isa = PBXGroup;
			children = (
				89C8640126051695003B0295 /* zoomscaleminsUITests.swift */,
				89C8640326051695003B0295 /* Info.plist */,
			);
			path = zoomscaleminsUITests;
			sourceTree = "<group>";
		};
/* End PBXGroup section */

/* Begin PBXNativeTarget section */
		89C863DB26051694003B0295 /* zoomscalemins */ = {
			isa = PBXNativeTarget;
			buildConfigurationList = 89C8640626051695003B0295 /* Build configuration list for PBXNativeTarget "zoomscalemins" */;
			buildPhases = (
				89C863D826051694003B0295 /* Sources */,
				89C863D926051694003B0295 /* Frameworks */,
				89C863DA26051694003B0295 /* Resources */,
			);
			buildRules = (
			);
			dependencies = (
			);
			name = zoomscalemins;
			productName = zoomscalemins;
			productReference = 89C863DC26051694003B0295 /* zoomscalemins.app */;
			productType = "com.apple.product-type.application";
		};
		89C863F126051695003B0295 /* zoomscaleminsTests */ = {
			isa = PBXNativeTarget;
			buildConfigurationList = 89C8640926051695003B0295 /* Build configuration list for PBXNativeTarget "zoomscaleminsTests" */;
			buildPhases = (
				89C863EE26051695003B0295 /* Sources */,
				89C863EF26051695003B0295 /* Frameworks */,
				89C863F026051695003B0295 /* Resources */,
			);
			buildRules = (
			);
			dependencies = (
				89C863F426051695003B0295 /* PBXTargetDependency */,
			);
			name = zoomscaleminsTests;
			productName = zoomscaleminsTests;
			productReference = 89C863F226051695003B0295 /* zoomscaleminsTests.xctest */;
			productType = "com.apple.product-type.bundle.unit-test";
		};
		89C863FC26051695003B0295 /* zoomscaleminsUITests */ = {
			isa = PBXNativeTarget;
			buildConfigurationList = 89C8640C26051695003B0295 /* Build configuration list for PBXNativeTarget "zoomscaleminsUITests" */;
			buildPhases = (
				89C863F926051695003B0295 /* Sources */,
				89C863FA26051695003B0295 /* Frameworks */,
				89C863FB26051695003B0295 /* Resources */,
			);
			buildRules = (
			);
			dependencies = (
				89C863FF26051695003B0295 /* PBXTargetDependency */,
			);
			name = zoomscaleminsUITests;
			productName = zoomscaleminsUITests;
			productReference = 89C863FD26051695003B0295 /* zoomscaleminsUITests.xctest */;
			productType = "com.apple.product-type.bundle.ui-testing";
		};
/* End PBXNativeTarget section */

/* Begin PBXProject section */
		89C863D426051694003B0295 /* Project object */ = {
			isa = PBXProject;
			attributes = {
				LastSwiftUpdateCheck = 1240;
				LastUpgradeCheck = 1240;
				TargetAttributes = {
					89C863DB26051694003B0295 = {
						CreatedOnToolsVersion = 12.4;
					};
					89C863F126051695003B0295 = {
						CreatedOnToolsVersion = 12.4;
						TestTargetID = 89C863DB26051694003B0295;
					};
					89C863FC26051695003B0295 = {
						CreatedOnToolsVersion = 12.4;
						TestTargetID = 89C863DB26051694003B0295;
					};
				};
			};
			buildConfigurationList = 89C863D726051694003B0295 /* Build configuration list for PBXProject "zoomscalemins" */;
			compatibilityVersion = "Xcode 9.3";
			developmentRegion = en;
			hasScannedForEncodings = 0;
			knownRegions = (
				en,
				Base,
			);
			mainGroup = 89C863D326051694003B0295;
			productRefGroup = 89C863DD26051694003B0295 /* Products */;
			projectDirPath = "";
			projectRoot = "";
			targets = (
				89C863DB26051694003B0295 /* zoomscalemins */,
				89C863F126051695003B0295 /* zoomscaleminsTests */,
				89C863FC26051695003B0295 /* zoomscaleminsUITests */,
			);
		};
/* End PBXProject section */

/* Begin PBXResourcesBuildPhase section */
		89C863DA26051694003B0295 /* Resources */ = {
			isa = PBXResourcesBuildPhase;
			buildActionMask = 2147483647;
			files = (
				89C863EC26051695003B0295 /* LaunchScreen.storyboard in Resources */,
				89C863E926051695003B0295 /* Preview Assets.xcassets in Resources */,
				89C863E626051695003B0295 /* Assets.xcassets in Resources */,
			);
			runOnlyForDeploymentPostprocessing = 0;
		};
		89C863F026051695003B0295 /* Resources */ = {
			isa = PBXResourcesBuildPhase;
			buildActionMask = 2147483647;
			files = (
			);
			runOnlyForDeploymentPostprocessing = 0;
		};
		89C863FB26051695003B0295 /* Resources */ = {
			isa = PBXResourcesBuildPhase;
			buildActionMask = 2147483647;
			files = (
			);
			runOnlyForDeploymentPostprocessing = 0;
		};
/* End PBXResourcesBuildPhase section */

/* Begin PBXSourcesBuildPhase section */
		89C863D826051694003B0295 /* Sources */ = {
			isa = PBXSourcesBuildPhase;
			buildActionMask = 2147483647;
			files = (
				89C863E026051694003B0295 /* AppDelegate.swift in Sources */,
				89C863E226051694003B0295 /* SceneDelegate.swift in Sources */,
				89C863E426051694003B0295 /* ContentView.swift in Sources */,
			);
			runOnlyForDeploymentPostprocessing = 0;
		};
		89C863EE26051695003B0295 /* Sources */ = {
			isa = PBXSourcesBuildPhase;
			buildActionMask = 2147483647;
			files = (
				89C863F726051695003B0295 /* zoomscaleminsTests.swift in Sources */,
			);
			runOnlyForDeploymentPostprocessing = 0;
		};
		89C863F926051695003B0295 /* Sources */ = {
			isa = PBXSourcesBuildPhase;
			buildActionMask = 2147483647;
			files = (
				89C8640226051695003B0295 /* zoomscaleminsUITests.swift in Sources */,
			);
			runOnlyForDeploymentPostprocessing = 0;
		};
/* End PBXSourcesBuildPhase section */

/* Begin PBXTargetDependency section */
		89C863F426051695003B0295 /* PBXTargetDependency */ = {
			isa = PBXTargetDependency;
			target = 89C863DB26051694003B0295 /* zoomscalemins */;
			targetProxy = 89C863F326051695003B0295 /* PBXContainerItemProxy */;
		};
		89C863FF26051695003B0295 /* PBXTargetDependency */ = {
			isa = PBXTargetDependency;
			target = 89C863DB26051694003B0295 /* zoomscalemins */;
			targetProxy = 89C863FE26051695003B0295 /* PBXContainerItemProxy */;
		};
/* End PBXTargetDependency section */

/* Begin PBXVariantGroup section */
		89C863EA26051695003B0295 /* LaunchScreen.storyboard */ = {
			isa = PBXVariantGroup;
			children = (
				89C863EB26051695003B0295 /* Base */,
			);
			name = LaunchScreen.storyboard;
			sourceTree = "<group>";
		};
/* End PBXVariantGroup section */

/* Begin XCBuildConfiguration section */
		89C8640426051695003B0295 /* Debug */ = {
			isa = XCBuildConfiguration;
			buildSettings = {
				ALWAYS_SEARCH_USER_PATHS = NO;
				CLANG_ANALYZER_NONNULL = YES;
				CLANG_ANALYZER_NUMBER_OBJECT_CONVERSION = YES_AGGRESSIVE;
				CLANG_CXX_LANGUAGE_STANDARD = "gnu++14";
				CLANG_CXX_LIBRARY = "libc++";
				CLANG_ENABLE_MODULES = YES;
				CLANG_ENABLE_OBJC_ARC = YES;
				CLANG_ENABLE_OBJC_WEAK = YES;
				CLANG_WARN_BLOCK_CAPTURE_AUTORELEASING = YES;
				CLANG_WARN_BOOL_CONVERSION = YES;
				CLANG_WARN_COMMA = YES;
				CLANG_WARN_CONSTANT_CONVERSION = YES;
				CLANG_WARN_DEPRECATED_OBJC_IMPLEMENTATIONS = YES;
				CLANG_WARN_DIRECT_OBJC_ISA_USAGE = YES_ERROR;
				CLANG_WARN_DOCUMENTATION_COMMENTS = YES;
				CLANG_WARN_EMPTY_BODY = YES;
				CLANG_WARN_ENUM_CONVERSION = YES;
				CLANG_WARN_INFINITE_RECURSION = YES;
				CLANG_WARN_INT_CONVERSION = YES;
				CLANG_WARN_NON_LITERAL_NULL_CONVERSION = YES;
				CLANG_WARN_OBJC_IMPLICIT_RETAIN_SELF = YES;
				CLANG_WARN_OBJC_LITERAL_CONVERSION = YES;
				CLANG_WARN_OBJC_ROOT_CLASS = YES_ERROR;
				CLANG_WARN_QUOTED_INCLUDE_IN_FRAMEWORK_HEADER = YES;
				CLANG_WARN_RANGE_LOOP_ANALYSIS = YES;
				CLANG_WARN_STRICT_PROTOTYPES = YES;
				CLANG_WARN_SUSPICIOUS_MOVE = YES;
				CLANG_WARN_UNGUARDED_AVAILABILITY = YES_AGGRESSIVE;
				CLANG_WARN_UNREACHABLE_CODE = YES;
				CLANG_WARN__DUPLICATE_METHOD_MATCH = YES;
				COPY_PHASE_STRIP = NO;
				DEBUG_INFORMATION_FORMAT = dwarf;
				ENABLE_STRICT_OBJC_MSGSEND = YES;
				ENABLE_TESTABILITY = YES;
				GCC_C_LANGUAGE_STANDARD = gnu11;
				GCC_DYNAMIC_NO_PIC = NO;
				GCC_NO_COMMON_BLOCKS = YES;
				GCC_OPTIMIZATION_LEVEL = 0;
				GCC_PREPROCESSOR_DEFINITIONS = (
					"DEBUG=1",
					"$(inherited)",
				);
				GCC_WARN_64_TO_32_BIT_CONVERSION = YES;
				GCC_WARN_ABOUT_RETURN_TYPE = YES_ERROR;
				GCC_WARN_UNDECLARED_SELECTOR = YES;
				GCC_WARN_UNINITIALIZED_AUTOS = YES_AGGRESSIVE;
				GCC_WARN_UNUSED_FUNCTION = YES;
				GCC_WARN_UNUSED_VARIABLE = YES;
				IPHONEOS_DEPLOYMENT_TARGET = 14.4;
				MTL_ENABLE_DEBUG_INFO = INCLUDE_SOURCE;
				MTL_FAST_MATH = YES;
				ONLY_ACTIVE_ARCH = YES;
				SDKROOT = iphoneos;
				SWIFT_ACTIVE_COMPILATION_CONDITIONS = DEBUG;
				SWIFT_OPTIMIZATION_LEVEL = "-Onone";
			};
			name = Debug;
		};
		89C8640526051695003B0295 /* Release */ = {
			isa = XCBuildConfiguration;
			buildSettings = {
				ALWAYS_SEARCH_USER_PATHS = NO;
				CLANG_ANALYZER_NONNULL = YES;
				CLANG_ANALYZER_NUMBER_OBJECT_CONVERSION = YES_AGGRESSIVE;
				CLANG_CXX_LANGUAGE_STANDARD = "gnu++14";
				CLANG_CXX_LIBRARY = "libc++";
				CLANG_ENABLE_MODULES = YES;
				CLANG_ENABLE_OBJC_ARC = YES;
				CLANG_ENABLE_OBJC_WEAK = YES;
				CLANG_WARN_BLOCK_CAPTURE_AUTORELEASING = YES;
				CLANG_WARN_BOOL_CONVERSION = YES;
				CLANG_WARN_COMMA = YES;
				CLANG_WARN_CONSTANT_CONVERSION = YES;
				CLANG_WARN_DEPRECATED_OBJC_IMPLEMENTATIONS = YES;
				CLANG_WARN_DIRECT_OBJC_ISA_USAGE = YES_ERROR;
				CLANG_WARN_DOCUMENTATION_COMMENTS = YES;
				CLANG_WARN_EMPTY_BODY = YES;
				CLANG_WARN_ENUM_CONVERSION = YES;
				CLANG_WARN_INFINITE_RECURSION = YES;
				CLANG_WARN_INT_CONVERSION = YES;
				CLANG_WARN_NON_LITERAL_NULL_CONVERSION = YES;
				CLANG_WARN_OBJC_IMPLICIT_RETAIN_SELF = YES;
				CLANG_WARN_OBJC_LITERAL_CONVERSION = YES;
				CLANG_WARN_OBJC_ROOT_CLASS = YES_ERROR;
				CLANG_WARN_QUOTED_INCLUDE_IN_FRAMEWORK_HEADER = YES;
				CLANG_WARN_RANGE_LOOP_ANALYSIS = YES;
				CLANG_WARN_STRICT_PROTOTYPES = YES;
				CLANG_WARN_SUSPICIOUS_MOVE = YES;
				CLANG_WARN_UNGUARDED_AVAILABILITY = YES_AGGRESSIVE;
				CLANG_WARN_UNREACHABLE_CODE = YES;
				CLANG_WARN__DUPLICATE_METHOD_MATCH = YES;
				COPY_PHASE_STRIP = NO;
				DEBUG_INFORMATION_FORMAT = "dwarf-with-dsym";
				ENABLE_NS_ASSERTIONS = NO;
				ENABLE_STRICT_OBJC_MSGSEND = YES;
				GCC_C_LANGUAGE_STANDARD = gnu11;
				GCC_NO_COMMON_BLOCKS = YES;
				GCC_WARN_64_TO_32_BIT_CONVERSION = YES;
				GCC_WARN_ABOUT_RETURN_TYPE = YES_ERROR;
				GCC_WARN_UNDECLARED_SELECTOR = YES;
				GCC_WARN_UNINITIALIZED_AUTOS = YES_AGGRESSIVE;
				GCC_WARN_UNUSED_FUNCTION = YES;
				GCC_WARN_UNUSED_VARIABLE = YES;
				IPHONEOS_DEPLOYMENT_TARGET = 14.4;
				MTL_ENABLE_DEBUG_INFO = NO;
				MTL_FAST_MATH = YES;
				SDKROOT = iphoneos;
				SWIFT_COMPILATION_MODE = wholemodule;
				SWIFT_OPTIMIZATION_LEVEL = "-O";
				VALIDATE_PRODUCT = YES;
			};
			name = Release;
		};
		89C8640726051695003B0295 /* Debug */ = {
			isa = XCBuildConfiguration;
			buildSettings = {
				ASSETCATALOG_COMPILER_APPICON_NAME = AppIcon;
				ASSETCATALOG_COMPILER_GLOBAL_ACCENT_COLOR_NAME = AccentColor;
				CODE_SIGN_STYLE = Automatic;
				DEVELOPMENT_ASSET_PATHS = "\"zoomscalemins/Preview Content\"";
				DEVELOPMENT_TEAM = YD8HVA3QL9;
				ENABLE_PREVIEWS = YES;
				INFOPLIST_FILE = zoomscalemins/Info.plist;
				LD_RUNPATH_SEARCH_PATHS = (
					"$(inherited)",
					"@executable_path/Frameworks",
				);
				PRODUCT_BUNDLE_IDENTIFIER = com.rowdylabs.example.zoomscalemins;
				PRODUCT_NAME = "$(TARGET_NAME)";
				SWIFT_VERSION = 5.0;
				TARGETED_DEVICE_FAMILY = "1,2";
			};
			name = Debug;
		};
		89C8640826051695003B0295 /* Release */ = {
			isa = XCBuildConfiguration;
			buildSettings = {
				ASSETCATALOG_COMPILER_APPICON_NAME = AppIcon;
				ASSETCATALOG_COMPILER_GLOBAL_ACCENT_COLOR_NAME = AccentColor;
				CODE_SIGN_STYLE = Automatic;
				DEVELOPMENT_ASSET_PATHS = "\"zoomscalemins/Preview Content\"";
				DEVELOPMENT_TEAM = YD8HVA3QL9;
				ENABLE_PREVIEWS = YES;
				INFOPLIST_FILE = zoomscalemins/Info.plist;
				LD_RUNPATH_SEARCH_PATHS = (
					"$(inherited)",
					"@executable_path/Frameworks",
				);
				PRODUCT_BUNDLE_IDENTIFIER = com.rowdylabs.example.zoomscalemins;
				PRODUCT_NAME = "$(TARGET_NAME)";
				SWIFT_VERSION = 5.0;
				TARGETED_DEVICE_FAMILY = "1,2";
			};
			name = Release;
		};
		89C8640A26051695003B0295 /* Debug */ = {
			isa = XCBuildConfiguration;
			buildSettings = {
				ALWAYS_EMBED_SWIFT_STANDARD_LIBRARIES = YES;
				BUNDLE_LOADER = "$(TEST_HOST)";
				CODE_SIGN_STYLE = Automatic;
				DEVELOPMENT_TEAM = YD8HVA3QL9;
				INFOPLIST_FILE = zoomscaleminsTests/Info.plist;
				IPHONEOS_DEPLOYMENT_TARGET = 14.4;
				LD_RUNPATH_SEARCH_PATHS = (
					"$(inherited)",
					"@executable_path/Frameworks",
					"@loader_path/Frameworks",
				);
				PRODUCT_BUNDLE_IDENTIFIER = com.rowdylabs.example.zoomscaleminsTests;
				PRODUCT_NAME = "$(TARGET_NAME)";
				SWIFT_VERSION = 5.0;
				TARGETED_DEVICE_FAMILY = "1,2";
				TEST_HOST = "$(BUILT_PRODUCTS_DIR)/zoomscalemins.app/zoomscalemins";
			};
			name = Debug;
		};
		89C8640B26051695003B0295 /* Release */ = {
			isa = XCBuildConfiguration;
			buildSettings = {
				ALWAYS_EMBED_SWIFT_STANDARD_LIBRARIES = YES;
				BUNDLE_LOADER = "$(TEST_HOST)";
				CODE_SIGN_STYLE = Automatic;
				DEVELOPMENT_TEAM = YD8HVA3QL9;
				INFOPLIST_FILE = zoomscaleminsTests/Info.plist;
				IPHONEOS_DEPLOYMENT_TARGET = 14.4;
				LD_RUNPATH_SEARCH_PATHS = (
					"$(inherited)",
					"@executable_path/Frameworks",
					"@loader_path/Frameworks",
				);
				PRODUCT_BUNDLE_IDENTIFIER = com.rowdylabs.example.zoomscaleminsTests;
				PRODUCT_NAME = "$(TARGET_NAME)";
				SWIFT_VERSION = 5.0;
				TARGETED_DEVICE_FAMILY = "1,2";
				TEST_HOST = "$(BUILT_PRODUCTS_DIR)/zoomscalemins.app/zoomscalemins";
			};
			name = Release;
		};
		89C8640D26051695003B0295 /* Debug */ = {
			isa = XCBuildConfiguration;
			buildSettings = {
				ALWAYS_EMBED_SWIFT_STANDARD_LIBRARIES = YES;
				CODE_SIGN_STYLE = Automatic;
				DEVELOPMENT_TEAM = YD8HVA3QL9;
				INFOPLIST_FILE = zoomscaleminsUITests/Info.plist;
				LD_RUNPATH_SEARCH_PATHS = (
					"$(inherited)",
					"@executable_path/Frameworks",
					"@loader_path/Frameworks",
				);
				PRODUCT_BUNDLE_IDENTIFIER = com.rowdylabs.example.zoomscaleminsUITests;
				PRODUCT_NAME = "$(TARGET_NAME)";
				SWIFT_VERSION = 5.0;
				TARGETED_DEVICE_FAMILY = "1,2";
				TEST_TARGET_NAME = zoomscalemins;
			};
			name = Debug;
		};
		89C8640E26051695003B0295 /* Release */ = {
			isa = XCBuildConfiguration;
			buildSettings = {
				ALWAYS_EMBED_SWIFT_STANDARD_LIBRARIES = YES;
				CODE_SIGN_STYLE = Automatic;
				DEVELOPMENT_TEAM = YD8HVA3QL9;
				INFOPLIST_FILE = zoomscaleminsUITests/Info.plist;
				LD_RUNPATH_SEARCH_PATHS = (
					"$(inherited)",
					"@executable_path/Frameworks",
					"@loader_path/Frameworks",
				);
				PRODUCT_BUNDLE_IDENTIFIER = com.rowdylabs.example.zoomscaleminsUITests;
				PRODUCT_NAME = "$(TARGET_NAME)";
				SWIFT_VERSION = 5.0;
				TARGETED_DEVICE_FAMILY = "1,2";
				TEST_TARGET_NAME = zoomscalemins;
			};
			name = Release;
		};
/* End XCBuildConfiguration section */

/* Begin XCConfigurationList section */
		89C863D726051694003B0295 /* Build configuration list for PBXProject "zoomscalemins" */ = {
			isa = XCConfigurationList;
			buildConfigurations = (
				89C8640426051695003B0295 /* Debug */,
				89C8640526051695003B0295 /* Release */,
			);
			defaultConfigurationIsVisible = 0;
			defaultConfigurationName = Release;
		};
		89C8640626051695003B0295 /* Build configuration list for PBXNativeTarget "zoomscalemins" */ = {
			isa = XCConfigurationList;
			buildConfigurations = (
				89C8640726051695003B0295 /* Debug */,
				89C8640826051695003B0295 /* Release */,
			);
			defaultConfigurationIsVisible = 0;
			defaultConfigurationName = Release;
		};
		89C8640926051695003B0295 /* Build configuration list for PBXNativeTarget "zoomscaleminsTests" */ = {
			isa = XCConfigurationList;
			buildConfigurations = (
				89C8640A26051695003B0295 /* Debug */,
				89C8640B26051695003B0295 /* Release */,
			);
			defaultConfigurationIsVisible = 0;
			defaultConfigurationName = Release;
		};
		89C8640C26051695003B0295 /* Build configuration list for PBXNativeTarget "zoomscaleminsUITests" */ = {
			isa = XCConfigurationList;
			buildConfigurations = (
				89C8640D26051695003B0295 /* Debug */,
				89C8640E26051695003B0295 /* Release */,
			);
			defaultConfigurationIsVisible = 0;
			defaultConfigurationName = Release;
		};
/* End XCConfigurationList section */
	};
	rootObject = 89C863D426051694003B0295 /* Project object */;
}
